{
    "name": "@rxdsoftware/cra-template-rxd-base",
    "version": "0.0.1",
    "lockfileVersion": 1,
    "requires": true,
    "packages": {
      "": {
        "name": "@rxdsoftware/cra-template-rxd-base",
        "version": "0.0.1",
        "license": "MIT",
        "engines": {
          "node": ">=14"
        }
      }
    }
  }